{
  "nodes": {
    "chaotic": {
      "inputs": {
        "fenix": "fenix",
        "flake-schemas": "flake-schemas",
        "home-manager": "home-manager",
        "jovian": "jovian",
        "nixpkgs": "nixpkgs"
      },
      "locked": {
        "lastModified": 1728263170,
        "narHash": "sha256-KBI154wGtVffFxsMbj7iOmaIJs+4L4EpXpmnNJQ8dtk=",
        "owner": "chaotic-cx",
        "repo": "nyx",
        "rev": "2fa0269d0d5f4901cd42c91728266e51d562778f",
        "type": "github"
      },
      "original": {
        "owner": "chaotic-cx",
        "ref": "nyxpkgs-unstable",
        "repo": "nyx",
        "type": "github"
      }
    },
    "fenix": {
      "inputs": {
        "nixpkgs": [
          "chaotic",
          "nixpkgs"
        ],
        "rust-analyzer-src": "rust-analyzer-src"
      },
      "locked": {
        "lastModified": 1728196311,
        "narHash": "sha256-JoDDlmjPj0sGo1beOo3bRh7BDppm0Kuet7I7BqTmSl4=",
        "owner": "nix-community",
        "repo": "fenix",
        "rev": "26971356e387b5ec0578f52be1bbd82ecf6dbad4",
        "type": "github"
      },
      "original": {
        "owner": "nix-community",
        "repo": "fenix",
        "type": "github"
      }
    },
    "fine-cmdline": {
      "flake": false,
      "locked": {
        "lastModified": 1721082103,
        "narHash": "sha256-SMmOzDhkRBBPCuXXZFUxog6YWRQ2tdlJuJGjYlyNTgk=",
        "owner": "VonHeikemen",
        "repo": "fine-cmdline.nvim",
        "rev": "aec9efebf6f4606a5204d49ffa3ce2eeb7e08a3e",
        "type": "github"
      },
      "original": {
        "owner": "VonHeikemen",
        "repo": "fine-cmdline.nvim",
        "type": "github"
      }
    },
    "flake-schemas": {
      "locked": {
        "lastModified": 1721999734,
        "narHash": "sha256-G5CxYeJVm4lcEtaO87LKzOsVnWeTcHGKbKxNamNWgOw=",
        "rev": "0a5c42297d870156d9c57d8f99e476b738dcd982",
        "revCount": 75,
        "type": "tarball",
        "url": "https://api.flakehub.com/f/pinned/DeterminateSystems/flake-schemas/0.1.5/0190ef2f-61e0-794b-ba14-e82f225e55e6/source.tar.gz"
      },
      "original": {
        "type": "tarball",
        "url": "https://flakehub.com/f/DeterminateSystems/flake-schemas/%3D0.1.5.tar.gz"
      }
    },
    "home-manager": {
      "inputs": {
        "nixpkgs": [
          "chaotic",
          "nixpkgs"
        ]
      },
      "locked": {
        "lastModified": 1728041527,
        "narHash": "sha256-03liqiJtk9UP7YQHW4r8MduKCK242FQzud8iWvvlK+o=",
        "owner": "nix-community",
        "repo": "home-manager",
        "rev": "509dbf8d45606b618e9ec3bbe4e936b7c5bc6c1e",
        "type": "github"
      },
      "original": {
        "owner": "nix-community",
        "repo": "home-manager",
        "type": "github"
      }
    },
    "home-manager_2": {
      "inputs": {
        "nixpkgs": [
          "nixpkgs"
        ]
      },
      "locked": {
        "lastModified": 1728306985,
        "narHash": "sha256-l/KpcWTv2SjxCnqFs5GYhvjeVYd40WQV4/F2+w9btd4=",
        "owner": "nix-community",
        "repo": "home-manager",
        "rev": "3ac39b2a8b7cbfc0f96628d8a84867c885bc988b",
        "type": "github"
      },
      "original": {
        "owner": "nix-community",
        "repo": "home-manager",
        "type": "github"
      }
    },
    "jovian": {
      "inputs": {
        "nix-github-actions": "nix-github-actions",
        "nixpkgs": [
          "chaotic",
          "nixpkgs"
        ]
      },
      "locked": {
        "lastModified": 1728183036,
        "narHash": "sha256-aq8i8LCbbo2gIBcFiMTFxyE4fdAKrjFU1c//zZn0bZM=",
        "owner": "Jovian-Experiments",
        "repo": "Jovian-NixOS",
        "rev": "751641e82a34709ed2a177e69e23b1ea08a75561",
        "type": "github"
      },
      "original": {
        "owner": "Jovian-Experiments",
        "repo": "Jovian-NixOS",
        "type": "github"
      }
    },
    "nix-github-actions": {
      "inputs": {
        "nixpkgs": [
          "chaotic",
          "jovian",
          "nixpkgs"
        ]
      },
      "locked": {
        "lastModified": 1690328911,
        "narHash": "sha256-fxtExYk+aGf2YbjeWQ8JY9/n9dwuEt+ma1eUFzF8Jeo=",
        "owner": "zhaofengli",
        "repo": "nix-github-actions",
        "rev": "96df4a39c52f53cb7098b923224d8ce941b64747",
        "type": "github"
      },
      "original": {
        "owner": "zhaofengli",
        "ref": "matrix-name",
        "repo": "nix-github-actions",
        "type": "github"
      }
    },
    "nixpkgs": {
      "locked": {
        "lastModified": 1728018373,
        "narHash": "sha256-NOiTvBbRLIOe5F6RbHaAh6++BNjsb149fGZd1T4+KBg=",
        "owner": "NixOS",
        "repo": "nixpkgs",
        "rev": "bc947f541ae55e999ffdb4013441347d83b00feb",
        "type": "github"
      },
      "original": {
        "owner": "NixOS",
        "ref": "nixos-unstable",
        "repo": "nixpkgs",
        "type": "github"
      }
    },
    "nixpkgs_2": {
      "locked": {
        "lastModified": 1728018373,
        "narHash": "sha256-NOiTvBbRLIOe5F6RbHaAh6++BNjsb149fGZd1T4+KBg=",
        "owner": "nixos",
        "repo": "nixpkgs",
        "rev": "bc947f541ae55e999ffdb4013441347d83b00feb",
        "type": "github"
      },
      "original": {
        "owner": "nixos",
        "ref": "nixos-unstable",
        "repo": "nixpkgs",
        "type": "github"
      }
    },
    "plasma-manager": {
      "inputs": {
        "home-manager": [
          "home-manager"
        ],
        "nixpkgs": [
          "nixpkgs"
        ]
      },
      "locked": {
        "lastModified": 1727917089,
        "narHash": "sha256-XWNBGf8Z03sqA5/m99X6XTFbHGNuVx1gMaMQJbdDIrY=",
        "owner": "nix-community",
        "repo": "plasma-manager",
        "rev": "bc14b17bff1557de8f103172508f896a87bb9cdb",
        "type": "github"
      },
      "original": {
        "owner": "nix-community",
        "repo": "plasma-manager",
        "type": "github"
      }
    },
    "root": {
      "inputs": {
        "chaotic": "chaotic",
        "fine-cmdline": "fine-cmdline",
        "home-manager": "home-manager_2",
        "nixpkgs": "nixpkgs_2",
        "plasma-manager": "plasma-manager"
      }
    },
    "rust-analyzer-src": {
      "flake": false,
      "locked": {
        "lastModified": 1728064742,
        "narHash": "sha256-tFvUGvqUZjES1yxYT2zEFiTAE0iQKYd+eWKX/6ZqeVw=",
        "owner": "rust-lang",
        "repo": "rust-analyzer",
        "rev": "5982d9c420d0dc90739171829f0d2e9c80d98979",
        "type": "github"
      },
      "original": {
        "owner": "rust-lang",
        "ref": "nightly",
        "repo": "rust-analyzer",
        "type": "github"
      }
    }
  },
  "root": "root",
  "version": 7
}
