{
  "nodes": {
    "chaotic": {
      "inputs": {
        "flake-schemas": "flake-schemas",
        "home-manager": "home-manager",
        "jovian": "jovian",
        "nixpkgs": "nixpkgs"
      },
      "locked": {
        "lastModified": 1729348269,
        "narHash": "sha256-KCjrPNlEgEVFYs8wHIpd4iBelAV9L9QYsynoMYihIFw=",
        "owner": "chaotic-cx",
        "repo": "nyx",
        "rev": "528723447ef037a1c081add43f4fd46440c9c3b1",
        "type": "github"
      },
      "original": {
        "owner": "chaotic-cx",
        "ref": "nyxpkgs-unstable",
        "repo": "nyx",
        "type": "github"
      }
    },
    "fine-cmdline": {
      "flake": false,
      "locked": {
        "lastModified": 1721082103,
        "narHash": "sha256-SMmOzDhkRBBPCuXXZFUxog6YWRQ2tdlJuJGjYlyNTgk=",
        "owner": "VonHeikemen",
        "repo": "fine-cmdline.nvim",
        "rev": "aec9efebf6f4606a5204d49ffa3ce2eeb7e08a3e",
        "type": "github"
      },
      "original": {
        "owner": "VonHeikemen",
        "repo": "fine-cmdline.nvim",
        "type": "github"
      }
    },
    "flake-schemas": {
      "locked": {
        "lastModified": 1721999734,
        "narHash": "sha256-G5CxYeJVm4lcEtaO87LKzOsVnWeTcHGKbKxNamNWgOw=",
        "rev": "0a5c42297d870156d9c57d8f99e476b738dcd982",
        "revCount": 75,
        "type": "tarball",
        "url": "https://api.flakehub.com/f/pinned/DeterminateSystems/flake-schemas/0.1.5/0190ef2f-61e0-794b-ba14-e82f225e55e6/source.tar.gz"
      },
      "original": {
        "type": "tarball",
        "url": "https://flakehub.com/f/DeterminateSystems/flake-schemas/%3D0.1.5.tar.gz"
      }
    },
    "home-manager": {
      "inputs": {
        "nixpkgs": [
          "chaotic",
          "nixpkgs"
        ]
      },
      "locked": {
        "lastModified": 1729027341,
        "narHash": "sha256-IqWD7bA9iJVifvJlB4vs2KUXVhN+d9lECWdNB4jJ0tE=",
        "owner": "nix-community",
        "repo": "home-manager",
        "rev": "2a4fd1cfd8ed5648583dadef86966a8231024221",
        "type": "github"
      },
      "original": {
        "owner": "nix-community",
        "repo": "home-manager",
        "type": "github"
      }
    },
    "home-manager_2": {
      "inputs": {
        "nixpkgs": [
          "nixpkgs"
        ]
      },
      "locked": {
        "lastModified": 1729321331,
        "narHash": "sha256-KVyQq+ez/oB30/WbdNgVD8g/bda34z8NiU187QKQb74=",
        "owner": "nix-community",
        "repo": "home-manager",
        "rev": "122f70545b29ccb922e655b08acfe05bfb44ec68",
        "type": "github"
      },
      "original": {
        "owner": "nix-community",
        "repo": "home-manager",
        "type": "github"
      }
    },
    "jovian": {
      "inputs": {
        "nix-github-actions": "nix-github-actions",
        "nixpkgs": [
          "chaotic",
          "nixpkgs"
        ]
      },
      "locked": {
        "lastModified": 1728974938,
        "narHash": "sha256-pTPEx6WlM+nJVGrRUGx7Di4ljZMwE9HfvlZ6f3NzNfo=",
        "owner": "Jovian-Experiments",
        "repo": "Jovian-NixOS",
        "rev": "23170582b0658e6afd913149a58863af3a57b376",
        "type": "github"
      },
      "original": {
        "owner": "Jovian-Experiments",
        "repo": "Jovian-NixOS",
        "type": "github"
      }
    },
    "nix-github-actions": {
      "inputs": {
        "nixpkgs": [
          "chaotic",
          "jovian",
          "nixpkgs"
        ]
      },
      "locked": {
        "lastModified": 1690328911,
        "narHash": "sha256-fxtExYk+aGf2YbjeWQ8JY9/n9dwuEt+ma1eUFzF8Jeo=",
        "owner": "zhaofengli",
        "repo": "nix-github-actions",
        "rev": "96df4a39c52f53cb7098b923224d8ce941b64747",
        "type": "github"
      },
      "original": {
        "owner": "zhaofengli",
        "ref": "matrix-name",
        "repo": "nix-github-actions",
        "type": "github"
      }
    },
    "nixpkgs": {
      "locked": {
        "lastModified": 1729256560,
        "narHash": "sha256-/uilDXvCIEs3C9l73JTACm4quuHUsIHcns1c+cHUJwA=",
        "owner": "NixOS",
        "repo": "nixpkgs",
        "rev": "4c2fcb090b1f3e5b47eaa7bd33913b574a11e0a0",
        "type": "github"
      },
      "original": {
        "owner": "NixOS",
        "ref": "nixos-unstable",
        "repo": "nixpkgs",
        "type": "github"
      }
    },
    "nixpkgs_2": {
      "locked": {
        "lastModified": 1729256560,
        "narHash": "sha256-/uilDXvCIEs3C9l73JTACm4quuHUsIHcns1c+cHUJwA=",
        "owner": "nixos",
        "repo": "nixpkgs",
        "rev": "4c2fcb090b1f3e5b47eaa7bd33913b574a11e0a0",
        "type": "github"
      },
      "original": {
        "owner": "nixos",
        "ref": "nixos-unstable",
        "repo": "nixpkgs",
        "type": "github"
      }
    },
    "plasma-manager": {
      "inputs": {
        "home-manager": [
          "home-manager"
        ],
        "nixpkgs": [
          "nixpkgs"
        ]
      },
      "locked": {
        "lastModified": 1729372184,
        "narHash": "sha256-Tb2/jJ74pt0nmfprkOW1g5zZphJTNbzLnyDENM+c5+I=",
        "owner": "nix-community",
        "repo": "plasma-manager",
        "rev": "9390dadadc58ffda8e494b31ef66a4ae041f6dd1",
        "type": "github"
      },
      "original": {
        "owner": "nix-community",
        "repo": "plasma-manager",
        "type": "github"
      }
    },
    "root": {
      "inputs": {
        "chaotic": "chaotic",
        "fine-cmdline": "fine-cmdline",
        "home-manager": "home-manager_2",
        "nixpkgs": "nixpkgs_2",
        "plasma-manager": "plasma-manager"
      }
    }
  },
  "root": "root",
  "version": 7
}
